
Microsoft Visual Studio Solution File, Format Version 12.00
# Visual Studio 2012
Project("{FAE04EC0-301F-11D3-BF4B-00C04F79EFBC}") = "Web", "Blog\Web.csproj", "{BFA24AF2-3CEE-45D4-8C47-00D23D58A33F}"
EndProject
Project("{FAE04EC0-301F-11D3-BF4B-00C04F79EFBC}") = "Core", "Core\Core.csproj", "{3E61C42E-642E-49A4-A69B-D68C37D83B07}"
EndProject
Project("{00D1A9C2-B5F0-4AF3-8072-F6C62B433612}") = "PrimaryDatabase", "PrimaryDatabase\PrimaryDatabase.sqlproj", "{5A809A8F-E235-49DE-9D89-416DE2174C5A}"
EndProject
Global
	GlobalSection(SolutionConfigurationPlatforms) = preSolution
		Debug|Any CPU = Debug|Any CPU
		Release|Any CPU = Release|Any CPU
	EndGlobalSection
	GlobalSection(ProjectConfigurationPlatforms) = postSolution
		{BFA24AF2-3CEE-45D4-8C47-00D23D58A33F}.Debug|Any CPU.ActiveCfg = Debug|Any CPU
		{BFA24AF2-3CEE-45D4-8C47-00D23D58A33F}.Debug|Any CPU.Build.0 = Debug|Any CPU
		{BFA24AF2-3CEE-45D4-8C47-00D23D58A33F}.Release|Any CPU.ActiveCfg = Release|Any CPU
		{BFA24AF2-3CEE-45D4-8C47-00D23D58A33F}.Release|Any CPU.Build.0 = Release|Any CPU
		{3E61C42E-642E-49A4-A69B-D68C37D83B07}.Debug|Any CPU.ActiveCfg = Debug|Any CPU
		{3E61C42E-642E-49A4-A69B-D68C37D83B07}.Debug|Any CPU.Build.0 = Debug|Any CPU
		{3E61C42E-642E-49A4-A69B-D68C37D83B07}.Release|Any CPU.ActiveCfg = Release|Any CPU
		{3E61C42E-642E-49A4-A69B-D68C37D83B07}.Release|Any CPU.Build.0 = Release|Any CPU
		{5A809A8F-E235-49DE-9D89-416DE2174C5A}.Debug|Any CPU.ActiveCfg = Debug|Any CPU
		{5A809A8F-E235-49DE-9D89-416DE2174C5A}.Debug|Any CPU.Build.0 = Debug|Any CPU
		{5A809A8F-E235-49DE-9D89-416DE2174C5A}.Debug|Any CPU.Deploy.0 = Debug|Any CPU
		{5A809A8F-E235-49DE-9D89-416DE2174C5A}.Release|Any CPU.ActiveCfg = Release|Any CPU
		{5A809A8F-E235-49DE-9D89-416DE2174C5A}.Release|Any CPU.Build.0 = Release|Any CPU
		{5A809A8F-E235-49DE-9D89-416DE2174C5A}.Release|Any CPU.Deploy.0 = Release|Any CPU
	EndGlobalSection
	GlobalSection(SolutionProperties) = preSolution
		HideSolutionNode = FALSE
	EndGlobalSection
EndGlobal
